{
	"name": "@my/server",
	"version": "1.0.0",
	"lockfileVersion": 3,
	"requires": true,
	"packages": {
		"": {
			"name": "@my/server",
			"version": "1.0.0",
			"license": "ISC",
			"dependencies": {
				"@my/common": "file:../common"
			},
			"devDependencies": {
				"typescript": "^5.4.3"
			}
		},
		"../common": {
			"name": "@my/common",
			"version": "1.0.0",
			"license": "ISC",
			"devDependencies": {
				"typescript": "^5.4.3"
			}
		},
		"../common/node_modules/typescript": {
			"version": "5.4.5",
			"dev": true,
			"license": "Apache-2.0",
			"bin": {
				"tsc": "bin/tsc",
				"tsserver": "bin/tsserver"
			},
			"engines": {
				"node": ">=14.17"
			}
		},
		"node_modules/@my/common": {
			"resolved": "../common",
			"link": true
		},
		"node_modules/typescript": {
			"version": "5.4.5",
			"dev": true,
			"license": "Apache-2.0",
			"bin": {
				"tsc": "bin/tsc",
				"tsserver": "bin/tsserver"
			},
			"engines": {
				"node": ">=14.17"
			}
		}
	}
}
